
Microsoft Visual Studio Solution File, Format Version 12.00
# Visual Studio Version 17
VisualStudioVersion = 17.14.36717.8 d17.14
MinimumVisualStudioVersion = 10.0.40219.1
Project("{FAE04EC0-301F-11D3-BF4B-00C04F79EFBC}") = "ShoppingSite.API", "ShoppingSite.API\ShoppingSite.API.csproj", "{1C3053EE-9109-4EF6-9BF9-10D26B3D2FED}"
EndProject
Project("{FAE04EC0-301F-11D3-BF4B-00C04F79EFBC}") = "ShoppingSite.Application", "ShoppingSite.Application\ShoppingSite.Application.csproj", "{14C458BE-9F12-47E5-940F-75778BBA5BBF}"
EndProject
Project("{FAE04EC0-301F-11D3-BF4B-00C04F79EFBC}") = "ShoppingSite.Domain", "ShoppingSite.Domain\ShoppingSite.Domain.csproj", "{22CBCF0E-2EB7-4189-BFD7-E680D59DB8E9}"
EndProject
Project("{FAE04EC0-301F-11D3-BF4B-00C04F79EFBC}") = "ShoppingSite.Infrastructure", "ShoppingSite.Infrastructure\ShoppingSite.Infrastructure.csproj", "{DF5E2A00-059A-4F27-81DA-EE1411954BE2}"
EndProject
Global
	GlobalSection(SolutionConfigurationPlatforms) = preSolution
		Debug|Any CPU = Debug|Any CPU
		Release|Any CPU = Release|Any CPU
	EndGlobalSection
	GlobalSection(ProjectConfigurationPlatforms) = postSolution
		{1C3053EE-9109-4EF6-9BF9-10D26B3D2FED}.Debug|Any CPU.ActiveCfg = Debug|Any CPU
		{1C3053EE-9109-4EF6-9BF9-10D26B3D2FED}.Debug|Any CPU.Build.0 = Debug|Any CPU
		{1C3053EE-9109-4EF6-9BF9-10D26B3D2FED}.Release|Any CPU.ActiveCfg = Release|Any CPU
		{1C3053EE-9109-4EF6-9BF9-10D26B3D2FED}.Release|Any CPU.Build.0 = Release|Any CPU
		{14C458BE-9F12-47E5-940F-75778BBA5BBF}.Debug|Any CPU.ActiveCfg = Debug|Any CPU
		{14C458BE-9F12-47E5-940F-75778BBA5BBF}.Debug|Any CPU.Build.0 = Debug|Any CPU
		{14C458BE-9F12-47E5-940F-75778BBA5BBF}.Release|Any CPU.ActiveCfg = Release|Any CPU
		{14C458BE-9F12-47E5-940F-75778BBA5BBF}.Release|Any CPU.Build.0 = Release|Any CPU
		{22CBCF0E-2EB7-4189-BFD7-E680D59DB8E9}.Debug|Any CPU.ActiveCfg = Debug|Any CPU
		{22CBCF0E-2EB7-4189-BFD7-E680D59DB8E9}.Debug|Any CPU.Build.0 = Debug|Any CPU
		{22CBCF0E-2EB7-4189-BFD7-E680D59DB8E9}.Release|Any CPU.ActiveCfg = Release|Any CPU
		{22CBCF0E-2EB7-4189-BFD7-E680D59DB8E9}.Release|Any CPU.Build.0 = Release|Any CPU
		{DF5E2A00-059A-4F27-81DA-EE1411954BE2}.Debug|Any CPU.ActiveCfg = Debug|Any CPU
		{DF5E2A00-059A-4F27-81DA-EE1411954BE2}.Debug|Any CPU.Build.0 = Debug|Any CPU
		{DF5E2A00-059A-4F27-81DA-EE1411954BE2}.Release|Any CPU.ActiveCfg = Release|Any CPU
		{DF5E2A00-059A-4F27-81DA-EE1411954BE2}.Release|Any CPU.Build.0 = Release|Any CPU
	EndGlobalSection
	GlobalSection(SolutionProperties) = preSolution
		HideSolutionNode = FALSE
	EndGlobalSection
	GlobalSection(ExtensibilityGlobals) = postSolution
		SolutionGuid = {14879770-71DE-488D-B338-418B2EE95064}
	EndGlobalSection
EndGlobal
